
Microsoft Visual Studio Solution File, Format Version 12.00
# Visual Studio Version 17
VisualStudioVersion = 17.13.35913.81 d17.13
MinimumVisualStudioVersion = 10.0.40219.1
Project("{FAE04EC0-301F-11D3-BF4B-00C04F79EFBC}") = "CineVerse.client", "CineVerse.client\CineVerse.client.csproj", "{1670C7A4-D662-420B-BB04-5E7ECB9F9C63}"
EndProject
Project("{FAE04EC0-301F-11D3-BF4B-00C04F79EFBC}") = "CineVerse.api", "CineVerse.api\CineVerse.api.csproj", "{F5729771-DED0-439A-A39B-CD0E5741022F}"
EndProject
Project("{FAE04EC0-301F-11D3-BF4B-00C04F79EFBC}") = "CineVerse.shared", "CineVerse.shared\CineVerse.shared.csproj", "{A6B84D2F-DFF4-42E8-9358-33B2E5443E7D}"
EndProject
Global
	GlobalSection(SolutionConfigurationPlatforms) = preSolution
		Debug|Any CPU = Debug|Any CPU
		Release|Any CPU = Release|Any CPU
	EndGlobalSection
	GlobalSection(ProjectConfigurationPlatforms) = postSolution
		{1670C7A4-D662-420B-BB04-5E7ECB9F9C63}.Debug|Any CPU.ActiveCfg = Debug|Any CPU
		{1670C7A4-D662-420B-BB04-5E7ECB9F9C63}.Debug|Any CPU.Build.0 = Debug|Any CPU
		{1670C7A4-D662-420B-BB04-5E7ECB9F9C63}.Release|Any CPU.ActiveCfg = Release|Any CPU
		{1670C7A4-D662-420B-BB04-5E7ECB9F9C63}.Release|Any CPU.Build.0 = Release|Any CPU
		{F5729771-DED0-439A-A39B-CD0E5741022F}.Debug|Any CPU.ActiveCfg = Debug|Any CPU
		{F5729771-DED0-439A-A39B-CD0E5741022F}.Debug|Any CPU.Build.0 = Debug|Any CPU
		{F5729771-DED0-439A-A39B-CD0E5741022F}.Release|Any CPU.ActiveCfg = Release|Any CPU
		{F5729771-DED0-439A-A39B-CD0E5741022F}.Release|Any CPU.Build.0 = Release|Any CPU
		{A6B84D2F-DFF4-42E8-9358-33B2E5443E7D}.Debug|Any CPU.ActiveCfg = Debug|Any CPU
		{A6B84D2F-DFF4-42E8-9358-33B2E5443E7D}.Debug|Any CPU.Build.0 = Debug|Any CPU
		{A6B84D2F-DFF4-42E8-9358-33B2E5443E7D}.Release|Any CPU.ActiveCfg = Release|Any CPU
		{A6B84D2F-DFF4-42E8-9358-33B2E5443E7D}.Release|Any CPU.Build.0 = Release|Any CPU
	EndGlobalSection
	GlobalSection(SolutionProperties) = preSolution
		HideSolutionNode = FALSE
	EndGlobalSection
	GlobalSection(ExtensibilityGlobals) = postSolution
		SolutionGuid = {CFF72867-AD04-4A17-8685-A433D7FB5213}
	EndGlobalSection
EndGlobal
